PODS:
  - ANLoader (1.1.1)
  - SDWebImage (4.4.1):
    - SDWebImage/Core (= 4.4.1)
  - SDWebImage/Core (4.4.1)

DEPENDENCIES:
  - ANLoader
  - SDWebImage

SPEC REPOS:
  https://github.com/cocoapods/specs.git:
    - ANLoader
    - SDWebImage

SPEC CHECKSUMS:
  ANLoader: 46bad48a249902b50a04e510a204f0a3d36a981d
  SDWebImage: 47e9b5b925cbce75946c23f0c42dd19464189af4

PODFILE CHECKSUM: 87a7733eb986544b3de2614debd2c6af06eb9c21

COCOAPODS: 1.5.3
