// !$*UTF8*$!
{
	archiveVersion = 1;
	classes = {
	};
	objectVersion = 48;
	objects = {

/* Begin PBXBuildFile section */
		B96A399220EE2E0E00D89B5F /* AppDelegate.swift in Sources */ = {isa = PBXBuildFile; fileRef = B96A399120EE2E0E00D89B5F /* AppDelegate.swift */; };
		B96A399420EE2E0E00D89B5F /* ViewController.swift in Sources */ = {isa = PBXBuildFile; fileRef = B96A399320EE2E0E00D89B5F /* ViewController.swift */; };
		B96A399920EE2E1900D89B5F /* Assets.xcassets in Resources */ = {isa = PBXBuildFile; fileRef = B96A399820EE2E1900D89B5F /* Assets.xcassets */; };
		B96A399C20EE2E1900D89B5F /* LaunchScreen.storyboard in Resources */ = {isa = PBXBuildFile; fileRef = B96A399A20EE2E1900D89B5F /* LaunchScreen.storyboard */; };
		B96A39AC20EE2FC700D89B5F /* FactViewCell.swift in Sources */ = {isa = PBXBuildFile; fileRef = B96A39AB20EE2FC700D89B5F /* FactViewCell.swift */; };
		B96A39AE20EE301400D89B5F /* Fact.swift in Sources */ = {isa = PBXBuildFile; fileRef = B96A39AD20EE301400D89B5F /* Fact.swift */; };
		BCEEFDA420EE7338002810B8 /* APIManager.swift in Sources */ = {isa = PBXBuildFile; fileRef = BCEEFDA320EE7338002810B8 /* APIManager.swift */; };
/* End PBXBuildFile section */

/* Begin PBXFileReference section */
		B96A398E20EE2E0E00D89B5F /* iOSAssigment.app */ = {isa = PBXFileReference; explicitFileType = wrapper.application; includeInIndex = 0; path = iOSAssigment.app; sourceTree = BUILT_PRODUCTS_DIR; };
		B96A399120EE2E0E00D89B5F /* AppDelegate.swift */ = {isa = PBXFileReference; lastKnownFileType = sourcecode.swift; path = AppDelegate.swift; sourceTree = "<group>"; };
		B96A399320EE2E0E00D89B5F /* ViewController.swift */ = {isa = PBXFileReference; lastKnownFileType = sourcecode.swift; path = ViewController.swift; sourceTree = "<group>"; };
		B96A399820EE2E1900D89B5F /* Assets.xcassets */ = {isa = PBXFileReference; lastKnownFileType = folder.assetcatalog; path = Assets.xcassets; sourceTree = "<group>"; };
		B96A399B20EE2E1900D89B5F /* Base */ = {isa = PBXFileReference; lastKnownFileType = file.storyboard; name = Base; path = Base.lproj/LaunchScreen.storyboard; sourceTree = "<group>"; };
		B96A399D20EE2E1900D89B5F /* Info.plist */ = {isa = PBXFileReference; lastKnownFileType = text.plist.xml; path = Info.plist; sourceTree = "<group>"; };
		B96A39AB20EE2FC700D89B5F /* FactViewCell.swift */ = {isa = PBXFileReference; lastKnownFileType = sourcecode.swift; path = FactViewCell.swift; sourceTree = "<group>"; };
		B96A39AD20EE301400D89B5F /* Fact.swift */ = {isa = PBXFileReference; lastKnownFileType = sourcecode.swift; path = Fact.swift; sourceTree = "<group>"; };
		BCEEFDA320EE7338002810B8 /* APIManager.swift */ = {isa = PBXFileReference; lastKnownFileType = sourcecode.swift; path = APIManager.swift; sourceTree = "<group>"; };
/* End PBXFileReference section */

/* Begin PBXFrameworksBuildPhase section */
		B96A398B20EE2E0E00D89B5F /* Frameworks */ = {
			isa = PBXFrameworksBuildPhase;
			buildActionMask = 2147483647;
			files = (
			);
			runOnlyForDeploymentPostprocessing = 0;
		};
/* End PBXFrameworksBuildPhase section */

/* Begin PBXGroup section */
		B96A398520EE2E0E00D89B5F = {
			isa = PBXGroup;
			children = (
				B96A399020EE2E0E00D89B5F /* iOSAssigment */,
				B96A398F20EE2E0E00D89B5F /* Products */,
			);
			sourceTree = "<group>";
		};
		B96A398F20EE2E0E00D89B5F /* Products */ = {
			isa = PBXGroup;
			children = (
				B96A398E20EE2E0E00D89B5F /* iOSAssigment.app */,
			);
			name = Products;
			sourceTree = "<group>";
		};
		B96A399020EE2E0E00D89B5F /* iOSAssigment */ = {
			isa = PBXGroup;
			children = (
				BCEEFDA220EE7322002810B8 /* Network */,
				B96A39A820EE2F5E00D89B5F /* Views */,
				B96A39A520EE2F4500D89B5F /* Models */,
				B96A39A420EE2EE500D89B5F /* DefaultMain */,
				B96A39A320EE2EC900D89B5F /* Controllers */,
			);
			path = iOSAssigment;
			sourceTree = "<group>";
		};
		B96A39A320EE2EC900D89B5F /* Controllers */ = {
			isa = PBXGroup;
			children = (
				B96A399320EE2E0E00D89B5F /* ViewController.swift */,
			);
			path = Controllers;
			sourceTree = "<group>";
		};
		B96A39A420EE2EE500D89B5F /* DefaultMain */ = {
			isa = PBXGroup;
			children = (
				B96A399120EE2E0E00D89B5F /* AppDelegate.swift */,
				B96A399820EE2E1900D89B5F /* Assets.xcassets */,
				B96A399A20EE2E1900D89B5F /* LaunchScreen.storyboard */,
				B96A399D20EE2E1900D89B5F /* Info.plist */,
			);
			path = DefaultMain;
			sourceTree = "<group>";
		};
		B96A39A520EE2F4500D89B5F /* Models */ = {
			isa = PBXGroup;
			children = (
				B96A39AD20EE301400D89B5F /* Fact.swift */,
			);
			path = Models;
			sourceTree = "<group>";
		};
		B96A39A820EE2F5E00D89B5F /* Views */ = {
			isa = PBXGroup;
			children = (
				B96A39AB20EE2FC700D89B5F /* FactViewCell.swift */,
			);
			path = Views;
			sourceTree = "<group>";
		};
		BCEEFDA220EE7322002810B8 /* Network */ = {
			isa = PBXGroup;
			children = (
				BCEEFDA320EE7338002810B8 /* APIManager.swift */,
			);
			path = Network;
			sourceTree = "<group>";
		};
/* End PBXGroup section */

/* Begin PBXNativeTarget section */
		B96A398D20EE2E0E00D89B5F /* iOSAssigment */ = {
			isa = PBXNativeTarget;
			buildConfigurationList = B96A39A020EE2E1900D89B5F /* Build configuration list for PBXNativeTarget "iOSAssigment" */;
			buildPhases = (
				B96A398A20EE2E0E00D89B5F /* Sources */,
				B96A398B20EE2E0E00D89B5F /* Frameworks */,
				B96A398C20EE2E0E00D89B5F /* Resources */,
			);
			buildRules = (
			);
			dependencies = (
			);
			name = iOSAssigment;
			productName = CustumTableView;
			productReference = B96A398E20EE2E0E00D89B5F /* iOSAssigment.app */;
			productType = "com.apple.product-type.application";
		};
/* End PBXNativeTarget section */

/* Begin PBXProject section */
		B96A398620EE2E0E00D89B5F /* Project object */ = {
			isa = PBXProject;
			attributes = {
				LastSwiftUpdateCheck = 0940;
				LastUpgradeCheck = 0940;
				ORGANIZATIONNAME = VBT;
				TargetAttributes = {
					B96A398D20EE2E0E00D89B5F = {
						CreatedOnToolsVersion = 9.4.1;
						ProvisioningStyle = Automatic;
					};
				};
			};
			buildConfigurationList = B96A398920EE2E0E00D89B5F /* Build configuration list for PBXProject "iOSAssigment" */;
			compatibilityVersion = "Xcode 8.0";
			developmentRegion = en;
			hasScannedForEncodings = 0;
			knownRegions = (
				en,
				Base,
			);
			mainGroup = B96A398520EE2E0E00D89B5F;
			productRefGroup = B96A398F20EE2E0E00D89B5F /* Products */;
			projectDirPath = "";
			projectRoot = "";
			targets = (
				B96A398D20EE2E0E00D89B5F /* iOSAssigment */,
			);
		};
/* End PBXProject section */

/* Begin PBXResourcesBuildPhase section */
		B96A398C20EE2E0E00D89B5F /* Resources */ = {
			isa = PBXResourcesBuildPhase;
			buildActionMask = 2147483647;
			files = (
				B96A399C20EE2E1900D89B5F /* LaunchScreen.storyboard in Resources */,
				B96A399920EE2E1900D89B5F /* Assets.xcassets in Resources */,
			);
			runOnlyForDeploymentPostprocessing = 0;
		};
/* End PBXResourcesBuildPhase section */

/* Begin PBXSourcesBuildPhase section */
		B96A398A20EE2E0E00D89B5F /* Sources */ = {
			isa = PBXSourcesBuildPhase;
			buildActionMask = 2147483647;
			files = (
				B96A39AC20EE2FC700D89B5F /* FactViewCell.swift in Sources */,
				B96A399420EE2E0E00D89B5F /* ViewController.swift in Sources */,
				BCEEFDA420EE7338002810B8 /* APIManager.swift in Sources */,
				B96A399220EE2E0E00D89B5F /* AppDelegate.swift in Sources */,
				B96A39AE20EE301400D89B5F /* Fact.swift in Sources */,
			);
			runOnlyForDeploymentPostprocessing = 0;
		};
/* End PBXSourcesBuildPhase section */

/* Begin PBXVariantGroup section */
		B96A399A20EE2E1900D89B5F /* LaunchScreen.storyboard */ = {
			isa = PBXVariantGroup;
			children = (
				B96A399B20EE2E1900D89B5F /* Base */,
			);
			name = LaunchScreen.storyboard;
			sourceTree = "<group>";
		};
/* End PBXVariantGroup section */

/* Begin XCBuildConfiguration section */
		B96A399E20EE2E1900D89B5F /* Debug */ = {
			isa = XCBuildConfiguration;
			buildSettings = {
				ALWAYS_SEARCH_USER_PATHS = NO;
				CLANG_ANALYZER_NONNULL = YES;
				CLANG_ANALYZER_NUMBER_OBJECT_CONVERSION = YES_AGGRESSIVE;
				CLANG_CXX_LANGUAGE_STANDARD = "gnu++14";
				CLANG_CXX_LIBRARY = "libc++";
				CLANG_ENABLE_MODULES = YES;
				CLANG_ENABLE_OBJC_ARC = YES;
				CLANG_ENABLE_OBJC_WEAK = YES;
				CLANG_WARN_BLOCK_CAPTURE_AUTORELEASING = YES;
				CLANG_WARN_BOOL_CONVERSION = YES;
				CLANG_WARN_COMMA = YES;
				CLANG_WARN_CONSTANT_CONVERSION = YES;
				CLANG_WARN_DEPRECATED_OBJC_IMPLEMENTATIONS = YES;
				CLANG_WARN_DIRECT_OBJC_ISA_USAGE = YES_ERROR;
				CLANG_WARN_DOCUMENTATION_COMMENTS = YES;
				CLANG_WARN_EMPTY_BODY = YES;
				CLANG_WARN_ENUM_CONVERSION = YES;
				CLANG_WARN_INFINITE_RECURSION = YES;
				CLANG_WARN_INT_CONVERSION = YES;
				CLANG_WARN_NON_LITERAL_NULL_CONVERSION = YES;
				CLANG_WARN_OBJC_IMPLICIT_RETAIN_SELF = YES;
				CLANG_WARN_OBJC_LITERAL_CONVERSION = YES;
				CLANG_WARN_OBJC_ROOT_CLASS = YES_ERROR;
				CLANG_WARN_RANGE_LOOP_ANALYSIS = YES;
				CLANG_WARN_STRICT_PROTOTYPES = YES;
				CLANG_WARN_SUSPICIOUS_MOVE = YES;
				CLANG_WARN_UNGUARDED_AVAILABILITY = YES_AGGRESSIVE;
				CLANG_WARN_UNREACHABLE_CODE = YES;
				CLANG_WARN__DUPLICATE_METHOD_MATCH = YES;
				CODE_SIGN_IDENTITY = "iPhone Developer";
				COPY_PHASE_STRIP = NO;
				DEBUG_INFORMATION_FORMAT = dwarf;
				ENABLE_STRICT_OBJC_MSGSEND = YES;
				ENABLE_TESTABILITY = YES;
				GCC_C_LANGUAGE_STANDARD = gnu11;
				GCC_DYNAMIC_NO_PIC = NO;
				GCC_NO_COMMON_BLOCKS = YES;
				GCC_OPTIMIZATION_LEVEL = 0;
				GCC_PREPROCESSOR_DEFINITIONS = (
					"DEBUG=1",
					"$(inherited)",
				);
				GCC_WARN_64_TO_32_BIT_CONVERSION = YES;
				GCC_WARN_ABOUT_RETURN_TYPE = YES_ERROR;
				GCC_WARN_UNDECLARED_SELECTOR = YES;
				GCC_WARN_UNINITIALIZED_AUTOS = YES_AGGRESSIVE;
				GCC_WARN_UNUSED_FUNCTION = YES;
				GCC_WARN_UNUSED_VARIABLE = YES;
				IPHONEOS_DEPLOYMENT_TARGET = 11.4;
				MTL_ENABLE_DEBUG_INFO = YES;
				ONLY_ACTIVE_ARCH = YES;
				SDKROOT = iphoneos;
				SWIFT_ACTIVE_COMPILATION_CONDITIONS = DEBUG;
				SWIFT_OPTIMIZATION_LEVEL = "-Onone";
			};
			name = Debug;
		};
		B96A399F20EE2E1900D89B5F /* Release */ = {
			isa = XCBuildConfiguration;
			buildSettings = {
				ALWAYS_SEARCH_USER_PATHS = NO;
				CLANG_ANALYZER_NONNULL = YES;
				CLANG_ANALYZER_NUMBER_OBJECT_CONVERSION = YES_AGGRESSIVE;
				CLANG_CXX_LANGUAGE_STANDARD = "gnu++14";
				CLANG_CXX_LIBRARY = "libc++";
				CLANG_ENABLE_MODULES = YES;
				CLANG_ENABLE_OBJC_ARC = YES;
				CLANG_ENABLE_OBJC_WEAK = YES;
				CLANG_WARN_BLOCK_CAPTURE_AUTORELEASING = YES;
				CLANG_WARN_BOOL_CONVERSION = YES;
				CLANG_WARN_COMMA = YES;
				CLANG_WARN_CONSTANT_CONVERSION = YES;
				CLANG_WARN_DEPRECATED_OBJC_IMPLEMENTATIONS = YES;
				CLANG_WARN_DIRECT_OBJC_ISA_USAGE = YES_ERROR;
				CLANG_WARN_DOCUMENTATION_COMMENTS = YES;
				CLANG_WARN_EMPTY_BODY = YES;
				CLANG_WARN_ENUM_CONVERSION = YES;
				CLANG_WARN_INFINITE_RECURSION = YES;
				CLANG_WARN_INT_CONVERSION = YES;
				CLANG_WARN_NON_LITERAL_NULL_CONVERSION = YES;
				CLANG_WARN_OBJC_IMPLICIT_RETAIN_SELF = YES;
				CLANG_WARN_OBJC_LITERAL_CONVERSION = YES;
				CLANG_WARN_OBJC_ROOT_CLASS = YES_ERROR;
				CLANG_WARN_RANGE_LOOP_ANALYSIS = YES;
				CLANG_WARN_STRICT_PROTOTYPES = YES;
				CLANG_WARN_SUSPICIOUS_MOVE = YES;
				CLANG_WARN_UNGUARDED_AVAILABILITY = YES_AGGRESSIVE;
				CLANG_WARN_UNREACHABLE_CODE = YES;
				CLANG_WARN__DUPLICATE_METHOD_MATCH = YES;
				CODE_SIGN_IDENTITY = "iPhone Developer";
				COPY_PHASE_STRIP = NO;
				DEBUG_INFORMATION_FORMAT = "dwarf-with-dsym";
				ENABLE_NS_ASSERTIONS = NO;
				ENABLE_STRICT_OBJC_MSGSEND = YES;
				GCC_C_LANGUAGE_STANDARD = gnu11;
				GCC_NO_COMMON_BLOCKS = YES;
				GCC_WARN_64_TO_32_BIT_CONVERSION = YES;
				GCC_WARN_ABOUT_RETURN_TYPE = YES_ERROR;
				GCC_WARN_UNDECLARED_SELECTOR = YES;
				GCC_WARN_UNINITIALIZED_AUTOS = YES_AGGRESSIVE;
				GCC_WARN_UNUSED_FUNCTION = YES;
				GCC_WARN_UNUSED_VARIABLE = YES;
				IPHONEOS_DEPLOYMENT_TARGET = 11.4;
				MTL_ENABLE_DEBUG_INFO = NO;
				SDKROOT = iphoneos;
				SWIFT_OPTIMIZATION_LEVEL = "-Owholemodule";
				VALIDATE_PRODUCT = YES;
			};
			name = Release;
		};
		B96A39A120EE2E1900D89B5F /* Debug */ = {
			isa = XCBuildConfiguration;
			buildSettings = {
				ASSETCATALOG_COMPILER_APPICON_NAME = AppIcon;
				"CODE_SIGN_IDENTITY[sdk=iphoneos*]" = "iPhone Developer";
				CODE_SIGN_STYLE = Automatic;
				DEVELOPMENT_TEAM = "";
				INFOPLIST_FILE = "$(SRCROOT)/iOSAssigment/DefaultMain/Info.plist";
				IPHONEOS_DEPLOYMENT_TARGET = 9.0;
				LD_RUNPATH_SEARCH_PATHS = "$(inherited) @executable_path/Frameworks";
				PRODUCT_BUNDLE_IDENTIFIER = com.vbt.iOSAssigment;
				PRODUCT_NAME = "$(TARGET_NAME)";
				PROVISIONING_PROFILE_SPECIFIER = "";
				SWIFT_VERSION = 4.0;
				TARGETED_DEVICE_FAMILY = "1,2";
			};
			name = Debug;
		};
		B96A39A220EE2E1900D89B5F /* Release */ = {
			isa = XCBuildConfiguration;
			buildSettings = {
				ASSETCATALOG_COMPILER_APPICON_NAME = AppIcon;
				"CODE_SIGN_IDENTITY[sdk=iphoneos*]" = "iPhone Developer";
				CODE_SIGN_STYLE = Automatic;
				DEVELOPMENT_TEAM = "";
				INFOPLIST_FILE = "$(SRCROOT)/iOSAssigment/DefaultMain/Info.plist";
				IPHONEOS_DEPLOYMENT_TARGET = 9.0;
				LD_RUNPATH_SEARCH_PATHS = "$(inherited) @executable_path/Frameworks";
				PRODUCT_BUNDLE_IDENTIFIER = com.vbt.iOSAssigment;
				PRODUCT_NAME = "$(TARGET_NAME)";
				PROVISIONING_PROFILE_SPECIFIER = "";
				SWIFT_VERSION = 4.0;
				TARGETED_DEVICE_FAMILY = "1,2";
			};
			name = Release;
		};
/* End XCBuildConfiguration section */

/* Begin XCConfigurationList section */
		B96A398920EE2E0E00D89B5F /* Build configuration list for PBXProject "iOSAssigment" */ = {
			isa = XCConfigurationList;
			buildConfigurations = (
				B96A399E20EE2E1900D89B5F /* Debug */,
				B96A399F20EE2E1900D89B5F /* Release */,
			);
			defaultConfigurationIsVisible = 0;
			defaultConfigurationName = Release;
		};
		B96A39A020EE2E1900D89B5F /* Build configuration list for PBXNativeTarget "iOSAssigment" */ = {
			isa = XCConfigurationList;
			buildConfigurations = (
				B96A39A120EE2E1900D89B5F /* Debug */,
				B96A39A220EE2E1900D89B5F /* Release */,
			);
			defaultConfigurationIsVisible = 0;
			defaultConfigurationName = Release;
		};
/* End XCConfigurationList section */
	};
	rootObject = B96A398620EE2E0E00D89B5F /* Project object */;
}
