// !$*UTF8*$!
{
	archiveVersion = 1;
	classes = {
	};
	objectVersion = 48;
	objects = {

/* Begin PBXBuildFile section */
		B961F71A2105E8F7000B11A5 /* iOSAssigmentUITests.swift in Sources */ = {isa = PBXBuildFile; fileRef = B961F7192105E8F7000B11A5 /* iOSAssigmentUITests.swift */; };
		B96A399220EE2E0E00D89B5F /* AppDelegate.swift in Sources */ = {isa = PBXBuildFile; fileRef = B96A399120EE2E0E00D89B5F /* AppDelegate.swift */; };
		B96A399920EE2E1900D89B5F /* Assets.xcassets in Resources */ = {isa = PBXBuildFile; fileRef = B96A399820EE2E1900D89B5F /* Assets.xcassets */; };
		B96A39AE20EE301400D89B5F /* Fact.swift in Sources */ = {isa = PBXBuildFile; fileRef = B96A39AD20EE301400D89B5F /* Fact.swift */; };
		BC860F7E20EF0FBA0068CF65 /* NetworkManager.swift in Sources */ = {isa = PBXBuildFile; fileRef = BC860F7D20EF0FBA0068CF65 /* NetworkManager.swift */; };
		BC860F8620EF16A90068CF65 /* iOSAssigmentTests.swift in Sources */ = {isa = PBXBuildFile; fileRef = BC860F8520EF16A90068CF65 /* iOSAssigmentTests.swift */; };
		BC860FA420F4CF840068CF65 /* Constants.swift in Sources */ = {isa = PBXBuildFile; fileRef = BC860FA320F4CF840068CF65 /* Constants.swift */; };
		BC860FA620F50D490068CF65 /* FactListViewModel.swift in Sources */ = {isa = PBXBuildFile; fileRef = BC860FA520F50D490068CF65 /* FactListViewModel.swift */; };
		BC860FAD20F51A520068CF65 /* ViewController.swift in Sources */ = {isa = PBXBuildFile; fileRef = BC860FAA20F51A520068CF65 /* ViewController.swift */; };
		BC860FAE20F51A520068CF65 /* FactViewCell.swift in Sources */ = {isa = PBXBuildFile; fileRef = BC860FAC20F51A520068CF65 /* FactViewCell.swift */; };
		BC860FB020F596DA0068CF65 /* FactListDataSource.swift in Sources */ = {isa = PBXBuildFile; fileRef = BC860FAF20F596DA0068CF65 /* FactListDataSource.swift */; };
		BC860FB420F598170068CF65 /* DynamicValue.swift in Sources */ = {isa = PBXBuildFile; fileRef = BC860FB320F598170068CF65 /* DynamicValue.swift */; };
		BC860FB620F5A0420068CF65 /* Dynamic.swift in Sources */ = {isa = PBXBuildFile; fileRef = BC860FB520F5A0410068CF65 /* Dynamic.swift */; };
		BCEEFDA420EE7338002810B8 /* APIManager.swift in Sources */ = {isa = PBXBuildFile; fileRef = BCEEFDA320EE7338002810B8 /* APIManager.swift */; };
		EC3D5F80DFF24B48D63F9FC7 /* Pods_iOSAssigment.framework in Frameworks */ = {isa = PBXBuildFile; fileRef = 613303F1646CDCBCAEDCB5C7 /* Pods_iOSAssigment.framework */; };
/* End PBXBuildFile section */

/* Begin PBXContainerItemProxy section */
		B961F71C2105E8F7000B11A5 /* PBXContainerItemProxy */ = {
			isa = PBXContainerItemProxy;
			containerPortal = B96A398620EE2E0E00D89B5F /* Project object */;
			proxyType = 1;
			remoteGlobalIDString = B96A398D20EE2E0E00D89B5F;
			remoteInfo = iOSAssigment;
		};
		BC860F8820EF16A90068CF65 /* PBXContainerItemProxy */ = {
			isa = PBXContainerItemProxy;
			containerPortal = B96A398620EE2E0E00D89B5F /* Project object */;
			proxyType = 1;
			remoteGlobalIDString = B96A398D20EE2E0E00D89B5F;
			remoteInfo = iOSAssigment;
		};
/* End PBXContainerItemProxy section */

/* Begin PBXFileReference section */
		193323B86FE2D7629ABD7F0E /* Pods-iOSAssigment.debug.xcconfig */ = {isa = PBXFileReference; includeInIndex = 1; lastKnownFileType = text.xcconfig; name = "Pods-iOSAssigment.debug.xcconfig"; path = "Pods/Target Support Files/Pods-iOSAssigment/Pods-iOSAssigment.debug.xcconfig"; sourceTree = "<group>"; };
		455522DF0A33A44B9842E046 /* Pods-iOSAssigment.release.xcconfig */ = {isa = PBXFileReference; includeInIndex = 1; lastKnownFileType = text.xcconfig; name = "Pods-iOSAssigment.release.xcconfig"; path = "Pods/Target Support Files/Pods-iOSAssigment/Pods-iOSAssigment.release.xcconfig"; sourceTree = "<group>"; };
		613303F1646CDCBCAEDCB5C7 /* Pods_iOSAssigment.framework */ = {isa = PBXFileReference; explicitFileType = wrapper.framework; includeInIndex = 0; path = Pods_iOSAssigment.framework; sourceTree = BUILT_PRODUCTS_DIR; };
		B961F7172105E8F7000B11A5 /* iOSAssigmentUITests.xctest */ = {isa = PBXFileReference; explicitFileType = wrapper.cfbundle; includeInIndex = 0; path = iOSAssigmentUITests.xctest; sourceTree = BUILT_PRODUCTS_DIR; };
		B961F7192105E8F7000B11A5 /* iOSAssigmentUITests.swift */ = {isa = PBXFileReference; lastKnownFileType = sourcecode.swift; path = iOSAssigmentUITests.swift; sourceTree = "<group>"; };
		B961F71B2105E8F7000B11A5 /* Info.plist */ = {isa = PBXFileReference; lastKnownFileType = text.plist.xml; path = Info.plist; sourceTree = "<group>"; };
		B96A398E20EE2E0E00D89B5F /* iOSAssigment.app */ = {isa = PBXFileReference; explicitFileType = wrapper.application; includeInIndex = 0; path = iOSAssigment.app; sourceTree = BUILT_PRODUCTS_DIR; };
		B96A399120EE2E0E00D89B5F /* AppDelegate.swift */ = {isa = PBXFileReference; lastKnownFileType = sourcecode.swift; path = AppDelegate.swift; sourceTree = "<group>"; };
		B96A399820EE2E1900D89B5F /* Assets.xcassets */ = {isa = PBXFileReference; lastKnownFileType = folder.assetcatalog; path = Assets.xcassets; sourceTree = "<group>"; };
		B96A399D20EE2E1900D89B5F /* Info.plist */ = {isa = PBXFileReference; lastKnownFileType = text.plist.xml; path = Info.plist; sourceTree = "<group>"; };
		B96A39AD20EE301400D89B5F /* Fact.swift */ = {isa = PBXFileReference; lastKnownFileType = sourcecode.swift; path = Fact.swift; sourceTree = "<group>"; };
		BC860F7D20EF0FBA0068CF65 /* NetworkManager.swift */ = {isa = PBXFileReference; lastKnownFileType = sourcecode.swift; path = NetworkManager.swift; sourceTree = "<group>"; };
		BC860F8320EF16A90068CF65 /* iOSAssigmentTests.xctest */ = {isa = PBXFileReference; explicitFileType = wrapper.cfbundle; includeInIndex = 0; path = iOSAssigmentTests.xctest; sourceTree = BUILT_PRODUCTS_DIR; };
		BC860F8520EF16A90068CF65 /* iOSAssigmentTests.swift */ = {isa = PBXFileReference; lastKnownFileType = sourcecode.swift; path = iOSAssigmentTests.swift; sourceTree = "<group>"; };
		BC860F8720EF16A90068CF65 /* Info.plist */ = {isa = PBXFileReference; lastKnownFileType = text.plist.xml; path = Info.plist; sourceTree = "<group>"; };
		BC860FA320F4CF840068CF65 /* Constants.swift */ = {isa = PBXFileReference; lastKnownFileType = sourcecode.swift; path = Constants.swift; sourceTree = "<group>"; };
		BC860FA520F50D490068CF65 /* FactListViewModel.swift */ = {isa = PBXFileReference; lastKnownFileType = sourcecode.swift; path = FactListViewModel.swift; sourceTree = "<group>"; };
		BC860FAA20F51A520068CF65 /* ViewController.swift */ = {isa = PBXFileReference; fileEncoding = 4; lastKnownFileType = sourcecode.swift; path = ViewController.swift; sourceTree = "<group>"; };
		BC860FAC20F51A520068CF65 /* FactViewCell.swift */ = {isa = PBXFileReference; fileEncoding = 4; lastKnownFileType = sourcecode.swift; path = FactViewCell.swift; sourceTree = "<group>"; };
		BC860FAF20F596DA0068CF65 /* FactListDataSource.swift */ = {isa = PBXFileReference; lastKnownFileType = sourcecode.swift; path = FactListDataSource.swift; sourceTree = "<group>"; };
		BC860FB320F598170068CF65 /* DynamicValue.swift */ = {isa = PBXFileReference; lastKnownFileType = sourcecode.swift; path = DynamicValue.swift; sourceTree = "<group>"; };
		BC860FB520F5A0410068CF65 /* Dynamic.swift */ = {isa = PBXFileReference; lastKnownFileType = sourcecode.swift; path = Dynamic.swift; sourceTree = "<group>"; };
		BCEEFDA320EE7338002810B8 /* APIManager.swift */ = {isa = PBXFileReference; lastKnownFileType = sourcecode.swift; path = APIManager.swift; sourceTree = "<group>"; };
/* End PBXFileReference section */

/* Begin PBXFrameworksBuildPhase section */
		B961F7142105E8F7000B11A5 /* Frameworks */ = {
			isa = PBXFrameworksBuildPhase;
			buildActionMask = 2147483647;
			files = (
			);
			runOnlyForDeploymentPostprocessing = 0;
		};
		B96A398B20EE2E0E00D89B5F /* Frameworks */ = {
			isa = PBXFrameworksBuildPhase;
			buildActionMask = 2147483647;
			files = (
				EC3D5F80DFF24B48D63F9FC7 /* Pods_iOSAssigment.framework in Frameworks */,
			);
			runOnlyForDeploymentPostprocessing = 0;
		};
		BC860F8020EF16A90068CF65 /* Frameworks */ = {
			isa = PBXFrameworksBuildPhase;
			buildActionMask = 2147483647;
			files = (
			);
			runOnlyForDeploymentPostprocessing = 0;
		};
/* End PBXFrameworksBuildPhase section */

/* Begin PBXGroup section */
		1D1659D5822189B619500E43 /* Pods */ = {
			isa = PBXGroup;
			children = (
				193323B86FE2D7629ABD7F0E /* Pods-iOSAssigment.debug.xcconfig */,
				455522DF0A33A44B9842E046 /* Pods-iOSAssigment.release.xcconfig */,
			);
			name = Pods;
			sourceTree = "<group>";
		};
		AB05E5C26373EBDF11930FC4 /* Frameworks */ = {
			isa = PBXGroup;
			children = (
				613303F1646CDCBCAEDCB5C7 /* Pods_iOSAssigment.framework */,
			);
			name = Frameworks;
			sourceTree = "<group>";
		};
		B961F7182105E8F7000B11A5 /* iOSAssigmentUITests */ = {
			isa = PBXGroup;
			children = (
				B961F7192105E8F7000B11A5 /* iOSAssigmentUITests.swift */,
				B961F71B2105E8F7000B11A5 /* Info.plist */,
			);
			path = iOSAssigmentUITests;
			sourceTree = "<group>";
		};
		B96A398520EE2E0E00D89B5F = {
			isa = PBXGroup;
			children = (
				B96A399020EE2E0E00D89B5F /* iOSAssigment */,
				B96A398F20EE2E0E00D89B5F /* Products */,
				1D1659D5822189B619500E43 /* Pods */,
				BC860F8420EF16A90068CF65 /* iOSAssigmentTests */,
				B961F7182105E8F7000B11A5 /* iOSAssigmentUITests */,
				AB05E5C26373EBDF11930FC4 /* Frameworks */,
			);
			sourceTree = "<group>";
		};
		B96A398F20EE2E0E00D89B5F /* Products */ = {
			isa = PBXGroup;
			children = (
				B96A398E20EE2E0E00D89B5F /* iOSAssigment.app */,
				BC860F8320EF16A90068CF65 /* iOSAssigmentTests.xctest */,
				B961F7172105E8F7000B11A5 /* iOSAssigmentUITests.xctest */,
			);
			name = Products;
			sourceTree = "<group>";
		};
		B96A399020EE2E0E00D89B5F /* iOSAssigment */ = {
			isa = PBXGroup;
			children = (
				BC860FA820F51A520068CF65 /* View */,
				BC860FA020F4CEE90068CF65 /* Helpers */,
				BCEEFDA220EE7322002810B8 /* Network */,
				BC860F9F20F4CED20068CF65 /* ViewModel */,
				B96A39A520EE2F4500D89B5F /* Models */,
				B96A39A420EE2EE500D89B5F /* DefaultMain */,
			);
			path = iOSAssigment;
			sourceTree = "<group>";
		};
		B96A39A420EE2EE500D89B5F /* DefaultMain */ = {
			isa = PBXGroup;
			children = (
				B96A399120EE2E0E00D89B5F /* AppDelegate.swift */,
				B96A399820EE2E1900D89B5F /* Assets.xcassets */,
				B96A399D20EE2E1900D89B5F /* Info.plist */,
			);
			path = DefaultMain;
			sourceTree = "<group>";
		};
		B96A39A520EE2F4500D89B5F /* Models */ = {
			isa = PBXGroup;
			children = (
				B96A39AD20EE301400D89B5F /* Fact.swift */,
				BC860FB320F598170068CF65 /* DynamicValue.swift */,
				BC860FB520F5A0410068CF65 /* Dynamic.swift */,
			);
			path = Models;
			sourceTree = "<group>";
		};
		BC860F8420EF16A90068CF65 /* iOSAssigmentTests */ = {
			isa = PBXGroup;
			children = (
				BC860F8520EF16A90068CF65 /* iOSAssigmentTests.swift */,
				BC860F8720EF16A90068CF65 /* Info.plist */,
			);
			path = iOSAssigmentTests;
			sourceTree = "<group>";
		};
		BC860F9F20F4CED20068CF65 /* ViewModel */ = {
			isa = PBXGroup;
			children = (
				BC860FA520F50D490068CF65 /* FactListViewModel.swift */,
				BC860FAF20F596DA0068CF65 /* FactListDataSource.swift */,
			);
			name = ViewModel;
			path = iOSAssigment/ViewModel;
			sourceTree = SOURCE_ROOT;
		};
		BC860FA020F4CEE90068CF65 /* Helpers */ = {
			isa = PBXGroup;
			children = (
				BC860FA320F4CF840068CF65 /* Constants.swift */,
			);
			path = Helpers;
			sourceTree = "<group>";
		};
		BC860FA820F51A520068CF65 /* View */ = {
			isa = PBXGroup;
			children = (
				BC860FA920F51A520068CF65 /* Controllers */,
				BC860FAB20F51A520068CF65 /* Views */,
			);
			path = View;
			sourceTree = "<group>";
		};
		BC860FA920F51A520068CF65 /* Controllers */ = {
			isa = PBXGroup;
			children = (
				BC860FAA20F51A520068CF65 /* ViewController.swift */,
			);
			path = Controllers;
			sourceTree = "<group>";
		};
		BC860FAB20F51A520068CF65 /* Views */ = {
			isa = PBXGroup;
			children = (
				BC860FAC20F51A520068CF65 /* FactViewCell.swift */,
			);
			path = Views;
			sourceTree = "<group>";
		};
		BCEEFDA220EE7322002810B8 /* Network */ = {
			isa = PBXGroup;
			children = (
				BCEEFDA320EE7338002810B8 /* APIManager.swift */,
				BC860F7D20EF0FBA0068CF65 /* NetworkManager.swift */,
			);
			path = Network;
			sourceTree = "<group>";
		};
/* End PBXGroup section */

/* Begin PBXNativeTarget section */
		B961F7162105E8F7000B11A5 /* iOSAssigmentUITests */ = {
			isa = PBXNativeTarget;
			buildConfigurationList = B961F7202105E8F7000B11A5 /* Build configuration list for PBXNativeTarget "iOSAssigmentUITests" */;
			buildPhases = (
				B961F7132105E8F7000B11A5 /* Sources */,
				B961F7142105E8F7000B11A5 /* Frameworks */,
				B961F7152105E8F7000B11A5 /* Resources */,
			);
			buildRules = (
			);
			dependencies = (
				B961F71D2105E8F7000B11A5 /* PBXTargetDependency */,
			);
			name = iOSAssigmentUITests;
			productName = iOSAssigmentUITests;
			productReference = B961F7172105E8F7000B11A5 /* iOSAssigmentUITests.xctest */;
			productType = "com.apple.product-type.bundle.ui-testing";
		};
		B96A398D20EE2E0E00D89B5F /* iOSAssigment */ = {
			isa = PBXNativeTarget;
			buildConfigurationList = B96A39A020EE2E1900D89B5F /* Build configuration list for PBXNativeTarget "iOSAssigment" */;
			buildPhases = (
				986CA690B70D6AD742AC8A3F /* [CP] Check Pods Manifest.lock */,
				B96A398A20EE2E0E00D89B5F /* Sources */,
				B96A398B20EE2E0E00D89B5F /* Frameworks */,
				B96A398C20EE2E0E00D89B5F /* Resources */,
				6C539F2673F7288AB3E68F9D /* [CP] Embed Pods Frameworks */,
			);
			buildRules = (
			);
			dependencies = (
			);
			name = iOSAssigment;
			productName = CustumTableView;
			productReference = B96A398E20EE2E0E00D89B5F /* iOSAssigment.app */;
			productType = "com.apple.product-type.application";
		};
		BC860F8220EF16A90068CF65 /* iOSAssigmentTests */ = {
			isa = PBXNativeTarget;
			buildConfigurationList = BC860F8C20EF16A90068CF65 /* Build configuration list for PBXNativeTarget "iOSAssigmentTests" */;
			buildPhases = (
				BC860F7F20EF16A90068CF65 /* Sources */,
				BC860F8020EF16A90068CF65 /* Frameworks */,
				BC860F8120EF16A90068CF65 /* Resources */,
			);
			buildRules = (
			);
			dependencies = (
				BC860F8920EF16A90068CF65 /* PBXTargetDependency */,
			);
			name = iOSAssigmentTests;
			productName = iOSAssigmentTests;
			productReference = BC860F8320EF16A90068CF65 /* iOSAssigmentTests.xctest */;
			productType = "com.apple.product-type.bundle.unit-test";
		};
/* End PBXNativeTarget section */

/* Begin PBXProject section */
		B96A398620EE2E0E00D89B5F /* Project object */ = {
			isa = PBXProject;
			attributes = {
				LastSwiftUpdateCheck = 0940;
				LastUpgradeCheck = 0940;
				ORGANIZATIONNAME = VBT;
				TargetAttributes = {
					B961F7162105E8F7000B11A5 = {
						CreatedOnToolsVersion = 9.4.1;
						ProvisioningStyle = Automatic;
						TestTargetID = B96A398D20EE2E0E00D89B5F;
					};
					B96A398D20EE2E0E00D89B5F = {
						CreatedOnToolsVersion = 9.4.1;
						ProvisioningStyle = Automatic;
					};
					BC860F8220EF16A90068CF65 = {
						CreatedOnToolsVersion = 9.2;
						ProvisioningStyle = Automatic;
						TestTargetID = B96A398D20EE2E0E00D89B5F;
					};
				};
			};
			buildConfigurationList = B96A398920EE2E0E00D89B5F /* Build configuration list for PBXProject "iOSAssigment" */;
			compatibilityVersion = "Xcode 8.0";
			developmentRegion = en;
			hasScannedForEncodings = 0;
			knownRegions = (
				en,
				Base,
			);
			mainGroup = B96A398520EE2E0E00D89B5F;
			productRefGroup = B96A398F20EE2E0E00D89B5F /* Products */;
			projectDirPath = "";
			projectRoot = "";
			targets = (
				B96A398D20EE2E0E00D89B5F /* iOSAssigment */,
				BC860F8220EF16A90068CF65 /* iOSAssigmentTests */,
				B961F7162105E8F7000B11A5 /* iOSAssigmentUITests */,
			);
		};
/* End PBXProject section */

/* Begin PBXResourcesBuildPhase section */
		B961F7152105E8F7000B11A5 /* Resources */ = {
			isa = PBXResourcesBuildPhase;
			buildActionMask = 2147483647;
			files = (
			);
			runOnlyForDeploymentPostprocessing = 0;
		};
		B96A398C20EE2E0E00D89B5F /* Resources */ = {
			isa = PBXResourcesBuildPhase;
			buildActionMask = 2147483647;
			files = (
				B96A399920EE2E1900D89B5F /* Assets.xcassets in Resources */,
			);
			runOnlyForDeploymentPostprocessing = 0;
		};
		BC860F8120EF16A90068CF65 /* Resources */ = {
			isa = PBXResourcesBuildPhase;
			buildActionMask = 2147483647;
			files = (
			);
			runOnlyForDeploymentPostprocessing = 0;
		};
/* End PBXResourcesBuildPhase section */

/* Begin PBXShellScriptBuildPhase section */
		6C539F2673F7288AB3E68F9D /* [CP] Embed Pods Frameworks */ = {
			isa = PBXShellScriptBuildPhase;
			buildActionMask = 2147483647;
			files = (
			);
			inputPaths = (
				"${SRCROOT}/Pods/Target Support Files/Pods-iOSAssigment/Pods-iOSAssigment-frameworks.sh",
				"${BUILT_PRODUCTS_DIR}/ANLoader/ANLoader.framework",
				"${BUILT_PRODUCTS_DIR}/ReachabilitySwift/Reachability.framework",
				"${BUILT_PRODUCTS_DIR}/SDWebImage/SDWebImage.framework",
			);
			name = "[CP] Embed Pods Frameworks";
			outputPaths = (
				"${TARGET_BUILD_DIR}/${FRAMEWORKS_FOLDER_PATH}/ANLoader.framework",
				"${TARGET_BUILD_DIR}/${FRAMEWORKS_FOLDER_PATH}/Reachability.framework",
				"${TARGET_BUILD_DIR}/${FRAMEWORKS_FOLDER_PATH}/SDWebImage.framework",
			);
			runOnlyForDeploymentPostprocessing = 0;
			shellPath = /bin/sh;
			shellScript = "\"${SRCROOT}/Pods/Target Support Files/Pods-iOSAssigment/Pods-iOSAssigment-frameworks.sh\"\n";
			showEnvVarsInLog = 0;
		};
		986CA690B70D6AD742AC8A3F /* [CP] Check Pods Manifest.lock */ = {
			isa = PBXShellScriptBuildPhase;
			buildActionMask = 2147483647;
			files = (
			);
			inputPaths = (
				"${PODS_PODFILE_DIR_PATH}/Podfile.lock",
				"${PODS_ROOT}/Manifest.lock",
			);
			name = "[CP] Check Pods Manifest.lock";
			outputPaths = (
				"$(DERIVED_FILE_DIR)/Pods-iOSAssigment-checkManifestLockResult.txt",
			);
			runOnlyForDeploymentPostprocessing = 0;
			shellPath = /bin/sh;
			shellScript = "diff \"${PODS_PODFILE_DIR_PATH}/Podfile.lock\" \"${PODS_ROOT}/Manifest.lock\" > /dev/null\nif [ $? != 0 ] ; then\n    # print error to STDERR\n    echo \"error: The sandbox is not in sync with the Podfile.lock. Run 'pod install' or update your CocoaPods installation.\" >&2\n    exit 1\nfi\n# This output is used by Xcode 'outputs' to avoid re-running this script phase.\necho \"SUCCESS\" > \"${SCRIPT_OUTPUT_FILE_0}\"\n";
			showEnvVarsInLog = 0;
		};
/* End PBXShellScriptBuildPhase section */

/* Begin PBXSourcesBuildPhase section */
		B961F7132105E8F7000B11A5 /* Sources */ = {
			isa = PBXSourcesBuildPhase;
			buildActionMask = 2147483647;
			files = (
				B961F71A2105E8F7000B11A5 /* iOSAssigmentUITests.swift in Sources */,
			);
			runOnlyForDeploymentPostprocessing = 0;
		};
		B96A398A20EE2E0E00D89B5F /* Sources */ = {
			isa = PBXSourcesBuildPhase;
			buildActionMask = 2147483647;
			files = (
				BC860FA620F50D490068CF65 /* FactListViewModel.swift in Sources */,
				BC860F7E20EF0FBA0068CF65 /* NetworkManager.swift in Sources */,
				BCEEFDA420EE7338002810B8 /* APIManager.swift in Sources */,
				BC860FB020F596DA0068CF65 /* FactListDataSource.swift in Sources */,
				BC860FA420F4CF840068CF65 /* Constants.swift in Sources */,
				BC860FAD20F51A520068CF65 /* ViewController.swift in Sources */,
				B96A399220EE2E0E00D89B5F /* AppDelegate.swift in Sources */,
				BC860FB620F5A0420068CF65 /* Dynamic.swift in Sources */,
				BC860FB420F598170068CF65 /* DynamicValue.swift in Sources */,
				BC860FAE20F51A520068CF65 /* FactViewCell.swift in Sources */,
				B96A39AE20EE301400D89B5F /* Fact.swift in Sources */,
			);
			runOnlyForDeploymentPostprocessing = 0;
		};
		BC860F7F20EF16A90068CF65 /* Sources */ = {
			isa = PBXSourcesBuildPhase;
			buildActionMask = 2147483647;
			files = (
				BC860F8620EF16A90068CF65 /* iOSAssigmentTests.swift in Sources */,
			);
			runOnlyForDeploymentPostprocessing = 0;
		};
/* End PBXSourcesBuildPhase section */

/* Begin PBXTargetDependency section */
		B961F71D2105E8F7000B11A5 /* PBXTargetDependency */ = {
			isa = PBXTargetDependency;
			target = B96A398D20EE2E0E00D89B5F /* iOSAssigment */;
			targetProxy = B961F71C2105E8F7000B11A5 /* PBXContainerItemProxy */;
		};
		BC860F8920EF16A90068CF65 /* PBXTargetDependency */ = {
			isa = PBXTargetDependency;
			target = B96A398D20EE2E0E00D89B5F /* iOSAssigment */;
			targetProxy = BC860F8820EF16A90068CF65 /* PBXContainerItemProxy */;
		};
/* End PBXTargetDependency section */

/* Begin XCBuildConfiguration section */
		B961F71E2105E8F7000B11A5 /* Debug */ = {
			isa = XCBuildConfiguration;
			buildSettings = {
				CODE_SIGN_STYLE = Automatic;
				INFOPLIST_FILE = iOSAssigmentUITests/Info.plist;
				LD_RUNPATH_SEARCH_PATHS = "$(inherited) @executable_path/Frameworks @loader_path/Frameworks";
				PRODUCT_BUNDLE_IDENTIFIER = com.vbt.iOSAssigmentUITests;
				PRODUCT_NAME = "$(TARGET_NAME)";
				SWIFT_VERSION = 4.0;
				TARGETED_DEVICE_FAMILY = "1,2";
				TEST_TARGET_NAME = iOSAssigment;
			};
			name = Debug;
		};
		B961F71F2105E8F7000B11A5 /* Release */ = {
			isa = XCBuildConfiguration;
			buildSettings = {
				CODE_SIGN_STYLE = Automatic;
				INFOPLIST_FILE = iOSAssigmentUITests/Info.plist;
				LD_RUNPATH_SEARCH_PATHS = "$(inherited) @executable_path/Frameworks @loader_path/Frameworks";
				PRODUCT_BUNDLE_IDENTIFIER = com.vbt.iOSAssigmentUITests;
				PRODUCT_NAME = "$(TARGET_NAME)";
				SWIFT_VERSION = 4.0;
				TARGETED_DEVICE_FAMILY = "1,2";
				TEST_TARGET_NAME = iOSAssigment;
			};
			name = Release;
		};
		B96A399E20EE2E1900D89B5F /* Debug */ = {
			isa = XCBuildConfiguration;
			buildSettings = {
				ALWAYS_SEARCH_USER_PATHS = NO;
				CLANG_ANALYZER_NONNULL = YES;
				CLANG_ANALYZER_NUMBER_OBJECT_CONVERSION = YES_AGGRESSIVE;
				CLANG_CXX_LANGUAGE_STANDARD = "gnu++14";
				CLANG_CXX_LIBRARY = "libc++";
				CLANG_ENABLE_MODULES = YES;
				CLANG_ENABLE_OBJC_ARC = YES;
				CLANG_ENABLE_OBJC_WEAK = YES;
				CLANG_WARN_BLOCK_CAPTURE_AUTORELEASING = YES;
				CLANG_WARN_BOOL_CONVERSION = YES;
				CLANG_WARN_COMMA = YES;
				CLANG_WARN_CONSTANT_CONVERSION = YES;
				CLANG_WARN_DEPRECATED_OBJC_IMPLEMENTATIONS = YES;
				CLANG_WARN_DIRECT_OBJC_ISA_USAGE = YES_ERROR;
				CLANG_WARN_DOCUMENTATION_COMMENTS = YES;
				CLANG_WARN_EMPTY_BODY = YES;
				CLANG_WARN_ENUM_CONVERSION = YES;
				CLANG_WARN_INFINITE_RECURSION = YES;
				CLANG_WARN_INT_CONVERSION = YES;
				CLANG_WARN_NON_LITERAL_NULL_CONVERSION = YES;
				CLANG_WARN_OBJC_IMPLICIT_RETAIN_SELF = YES;
				CLANG_WARN_OBJC_LITERAL_CONVERSION = YES;
				CLANG_WARN_OBJC_ROOT_CLASS = YES_ERROR;
				CLANG_WARN_RANGE_LOOP_ANALYSIS = YES;
				CLANG_WARN_STRICT_PROTOTYPES = YES;
				CLANG_WARN_SUSPICIOUS_MOVE = YES;
				CLANG_WARN_UNGUARDED_AVAILABILITY = YES_AGGRESSIVE;
				CLANG_WARN_UNREACHABLE_CODE = YES;
				CLANG_WARN__DUPLICATE_METHOD_MATCH = YES;
				CODE_SIGN_IDENTITY = "iPhone Developer";
				COPY_PHASE_STRIP = NO;
				DEBUG_INFORMATION_FORMAT = dwarf;
				ENABLE_STRICT_OBJC_MSGSEND = YES;
				ENABLE_TESTABILITY = YES;
				GCC_C_LANGUAGE_STANDARD = gnu11;
				GCC_DYNAMIC_NO_PIC = NO;
				GCC_NO_COMMON_BLOCKS = YES;
				GCC_OPTIMIZATION_LEVEL = 0;
				GCC_PREPROCESSOR_DEFINITIONS = (
					"DEBUG=1",
					"$(inherited)",
				);
				GCC_WARN_64_TO_32_BIT_CONVERSION = YES;
				GCC_WARN_ABOUT_RETURN_TYPE = YES_ERROR;
				GCC_WARN_UNDECLARED_SELECTOR = YES;
				GCC_WARN_UNINITIALIZED_AUTOS = YES_AGGRESSIVE;
				GCC_WARN_UNUSED_FUNCTION = YES;
				GCC_WARN_UNUSED_VARIABLE = YES;
				IPHONEOS_DEPLOYMENT_TARGET = 11.4;
				MTL_ENABLE_DEBUG_INFO = YES;
				ONLY_ACTIVE_ARCH = YES;
				SDKROOT = iphoneos;
				SWIFT_ACTIVE_COMPILATION_CONDITIONS = DEBUG;
				SWIFT_OPTIMIZATION_LEVEL = "-Onone";
			};
			name = Debug;
		};
		B96A399F20EE2E1900D89B5F /* Release */ = {
			isa = XCBuildConfiguration;
			buildSettings = {
				ALWAYS_SEARCH_USER_PATHS = NO;
				CLANG_ANALYZER_NONNULL = YES;
				CLANG_ANALYZER_NUMBER_OBJECT_CONVERSION = YES_AGGRESSIVE;
				CLANG_CXX_LANGUAGE_STANDARD = "gnu++14";
				CLANG_CXX_LIBRARY = "libc++";
				CLANG_ENABLE_MODULES = YES;
				CLANG_ENABLE_OBJC_ARC = YES;
				CLANG_ENABLE_OBJC_WEAK = YES;
				CLANG_WARN_BLOCK_CAPTURE_AUTORELEASING = YES;
				CLANG_WARN_BOOL_CONVERSION = YES;
				CLANG_WARN_COMMA = YES;
				CLANG_WARN_CONSTANT_CONVERSION = YES;
				CLANG_WARN_DEPRECATED_OBJC_IMPLEMENTATIONS = YES;
				CLANG_WARN_DIRECT_OBJC_ISA_USAGE = YES_ERROR;
				CLANG_WARN_DOCUMENTATION_COMMENTS = YES;
				CLANG_WARN_EMPTY_BODY = YES;
				CLANG_WARN_ENUM_CONVERSION = YES;
				CLANG_WARN_INFINITE_RECURSION = YES;
				CLANG_WARN_INT_CONVERSION = YES;
				CLANG_WARN_NON_LITERAL_NULL_CONVERSION = YES;
				CLANG_WARN_OBJC_IMPLICIT_RETAIN_SELF = YES;
				CLANG_WARN_OBJC_LITERAL_CONVERSION = YES;
				CLANG_WARN_OBJC_ROOT_CLASS = YES_ERROR;
				CLANG_WARN_RANGE_LOOP_ANALYSIS = YES;
				CLANG_WARN_STRICT_PROTOTYPES = YES;
				CLANG_WARN_SUSPICIOUS_MOVE = YES;
				CLANG_WARN_UNGUARDED_AVAILABILITY = YES_AGGRESSIVE;
				CLANG_WARN_UNREACHABLE_CODE = YES;
				CLANG_WARN__DUPLICATE_METHOD_MATCH = YES;
				CODE_SIGN_IDENTITY = "iPhone Developer";
				COPY_PHASE_STRIP = NO;
				DEBUG_INFORMATION_FORMAT = "dwarf-with-dsym";
				ENABLE_NS_ASSERTIONS = NO;
				ENABLE_STRICT_OBJC_MSGSEND = YES;
				GCC_C_LANGUAGE_STANDARD = gnu11;
				GCC_NO_COMMON_BLOCKS = YES;
				GCC_WARN_64_TO_32_BIT_CONVERSION = YES;
				GCC_WARN_ABOUT_RETURN_TYPE = YES_ERROR;
				GCC_WARN_UNDECLARED_SELECTOR = YES;
				GCC_WARN_UNINITIALIZED_AUTOS = YES_AGGRESSIVE;
				GCC_WARN_UNUSED_FUNCTION = YES;
				GCC_WARN_UNUSED_VARIABLE = YES;
				IPHONEOS_DEPLOYMENT_TARGET = 11.4;
				MTL_ENABLE_DEBUG_INFO = NO;
				SDKROOT = iphoneos;
				SWIFT_OPTIMIZATION_LEVEL = "-Owholemodule";
				VALIDATE_PRODUCT = YES;
			};
			name = Release;
		};
		B96A39A120EE2E1900D89B5F /* Debug */ = {
			isa = XCBuildConfiguration;
			baseConfigurationReference = 193323B86FE2D7629ABD7F0E /* Pods-iOSAssigment.debug.xcconfig */;
			buildSettings = {
				ASSETCATALOG_COMPILER_APPICON_NAME = AppIcon;
				ASSETCATALOG_COMPILER_LAUNCHIMAGE_NAME = LaunchImage;
				"CODE_SIGN_IDENTITY[sdk=iphoneos*]" = "iPhone Developer";
				CODE_SIGN_STYLE = Automatic;
				DEVELOPMENT_TEAM = "";
				INFOPLIST_FILE = "$(SRCROOT)/iOSAssigment/DefaultMain/Info.plist";
				IPHONEOS_DEPLOYMENT_TARGET = 9.0;
				LD_RUNPATH_SEARCH_PATHS = "$(inherited) @executable_path/Frameworks";
				PRODUCT_BUNDLE_IDENTIFIER = com.vbt.iOSAssigment;
				PRODUCT_NAME = "$(TARGET_NAME)";
				PROVISIONING_PROFILE_SPECIFIER = "";
				SWIFT_VERSION = 4.0;
				TARGETED_DEVICE_FAMILY = "1,2";
			};
			name = Debug;
		};
		B96A39A220EE2E1900D89B5F /* Release */ = {
			isa = XCBuildConfiguration;
			baseConfigurationReference = 455522DF0A33A44B9842E046 /* Pods-iOSAssigment.release.xcconfig */;
			buildSettings = {
				ASSETCATALOG_COMPILER_APPICON_NAME = AppIcon;
				ASSETCATALOG_COMPILER_LAUNCHIMAGE_NAME = LaunchImage;
				"CODE_SIGN_IDENTITY[sdk=iphoneos*]" = "iPhone Developer";
				CODE_SIGN_STYLE = Automatic;
				DEVELOPMENT_TEAM = "";
				INFOPLIST_FILE = "$(SRCROOT)/iOSAssigment/DefaultMain/Info.plist";
				IPHONEOS_DEPLOYMENT_TARGET = 9.0;
				LD_RUNPATH_SEARCH_PATHS = "$(inherited) @executable_path/Frameworks";
				PRODUCT_BUNDLE_IDENTIFIER = com.vbt.iOSAssigment;
				PRODUCT_NAME = "$(TARGET_NAME)";
				PROVISIONING_PROFILE_SPECIFIER = "";
				SWIFT_VERSION = 4.0;
				TARGETED_DEVICE_FAMILY = "1,2";
			};
			name = Release;
		};
		BC860F8A20EF16A90068CF65 /* Debug */ = {
			isa = XCBuildConfiguration;
			buildSettings = {
				BUNDLE_LOADER = "$(TEST_HOST)";
				CODE_SIGN_STYLE = Automatic;
				INFOPLIST_FILE = iOSAssigmentTests/Info.plist;
				IPHONEOS_DEPLOYMENT_TARGET = 11.2;
				LD_RUNPATH_SEARCH_PATHS = "$(inherited) @executable_path/Frameworks @loader_path/Frameworks";
				PRODUCT_BUNDLE_IDENTIFIER = com.vbt.iOSAssigmentTests;
				PRODUCT_NAME = "$(TARGET_NAME)";
				SWIFT_VERSION = 4.0;
				TARGETED_DEVICE_FAMILY = "1,2";
				TEST_HOST = "$(BUILT_PRODUCTS_DIR)/iOSAssigment.app/iOSAssigment";
			};
			name = Debug;
		};
		BC860F8B20EF16A90068CF65 /* Release */ = {
			isa = XCBuildConfiguration;
			buildSettings = {
				BUNDLE_LOADER = "$(TEST_HOST)";
				CODE_SIGN_STYLE = Automatic;
				INFOPLIST_FILE = iOSAssigmentTests/Info.plist;
				IPHONEOS_DEPLOYMENT_TARGET = 11.2;
				LD_RUNPATH_SEARCH_PATHS = "$(inherited) @executable_path/Frameworks @loader_path/Frameworks";
				PRODUCT_BUNDLE_IDENTIFIER = com.vbt.iOSAssigmentTests;
				PRODUCT_NAME = "$(TARGET_NAME)";
				SWIFT_VERSION = 4.0;
				TARGETED_DEVICE_FAMILY = "1,2";
				TEST_HOST = "$(BUILT_PRODUCTS_DIR)/iOSAssigment.app/iOSAssigment";
			};
			name = Release;
		};
/* End XCBuildConfiguration section */

/* Begin XCConfigurationList section */
		B961F7202105E8F7000B11A5 /* Build configuration list for PBXNativeTarget "iOSAssigmentUITests" */ = {
			isa = XCConfigurationList;
			buildConfigurations = (
				B961F71E2105E8F7000B11A5 /* Debug */,
				B961F71F2105E8F7000B11A5 /* Release */,
			);
			defaultConfigurationIsVisible = 0;
			defaultConfigurationName = Release;
		};
		B96A398920EE2E0E00D89B5F /* Build configuration list for PBXProject "iOSAssigment" */ = {
			isa = XCConfigurationList;
			buildConfigurations = (
				B96A399E20EE2E1900D89B5F /* Debug */,
				B96A399F20EE2E1900D89B5F /* Release */,
			);
			defaultConfigurationIsVisible = 0;
			defaultConfigurationName = Release;
		};
		B96A39A020EE2E1900D89B5F /* Build configuration list for PBXNativeTarget "iOSAssigment" */ = {
			isa = XCConfigurationList;
			buildConfigurations = (
				B96A39A120EE2E1900D89B5F /* Debug */,
				B96A39A220EE2E1900D89B5F /* Release */,
			);
			defaultConfigurationIsVisible = 0;
			defaultConfigurationName = Release;
		};
		BC860F8C20EF16A90068CF65 /* Build configuration list for PBXNativeTarget "iOSAssigmentTests" */ = {
			isa = XCConfigurationList;
			buildConfigurations = (
				BC860F8A20EF16A90068CF65 /* Debug */,
				BC860F8B20EF16A90068CF65 /* Release */,
			);
			defaultConfigurationIsVisible = 0;
			defaultConfigurationName = Release;
		};
/* End XCConfigurationList section */
	};
	rootObject = B96A398620EE2E0E00D89B5F /* Project object */;
}
